{
    "_meta": {
        "hash": {
            "sha256": "d00e03037acf247c67782ff3bdb412a13cf5ec1a21f30d87a10a3f4251f25cda"
        },
        "pipfile-spec": 6,
        "requires": {
            "python_version": "3.10"
        },
        "sources": [
            {
                "name": "pypi",
                "url": "https://pypi.org/simple",
                "verify_ssl": true
            }
        ]
    },
    "default": {
        "asgiref": {
            "hashes": [
                "sha256:89b2ef2247e3b562a16eef663bc0e2e703ec6468e2fa8a5cd61cd449786d4f6e",
                "sha256:9e0ce3aa93a819ba5b45120216b23878cf6e8525eb3848653452b4192b92afed"
            ],
            "markers": "python_version >= '3.7'",
            "version": "==3.7.2"
        },
        "django": {
            "hashes": [
                "sha256:031ccb717782f6af83a0063a1957686e87cb4581ea61b47b3e9addf60687989a",
                "sha256:032f8a6fc7cf05ccd1214e4a2e21dfcd6a23b9d575c6573cacc8c67828dbe642"
            ],
            "index": "pypi",
            "version": "==4.1"
        },
        "django-filter": {
            "hashes": [
                "sha256:015fe155582e1805b40629344e4a6cf3cc40450827d294d040b4b8c1749a9fa6",
                "sha256:65bc5d1d8f4fff3aaf74cb5da537b6620e9214fb4b3180f6c560776b1b6dccd0"
            ],
            "index": "pypi",
            "version": "==23.3"
        },
        "djangorestframework": {
            "hashes": [
                "sha256:579a333e6256b09489cbe0a067e66abe55c6595d8926be6b99423786334350c8",
                "sha256:eb63f58c9f218e1a7d064d17a70751f528ed4e1d35547fdade9aaf4cd103fd08"
            ],
            "index": "pypi",
            "version": "==3.14.0"
        },
        "djangorestframework-jsonapi": {
            "extras": [
                "django-filter"
            ],
            "hashes": [
                "sha256:237a6ed3780f0b6571c838c33fde57286152166213ad2986cb1d0f45cff45425",
                "sha256:d35fc0868ef104038882203da160c7b51216dec3f4e089cd5177bb95f9fe4af1"
            ],
            "index": "pypi",
            "version": "==6.1.0"
        },
        "importlib-metadata": {
            "hashes": [
                "sha256:3ebb78df84a805d7698245025b975d9d67053cd94c79245ba4b3eb694abe68bb",
                "sha256:dbace7892d8c0c4ac1ad096662232f831d4e64f4c4545bd53016a3e9d4654743"
            ],
            "markers": "python_version >= '3.8'",
            "version": "==6.8.0"
        },
        "inflection": {
            "hashes": [
                "sha256:1a29730d366e996aaacffb2f1f1cb9593dc38e2ddd30c91250c6dde09ea9b417",
                "sha256:f38b2b640938a4f35ade69ac3d053042959b62a0f1076a5bbaa1b9526605a8a2"
            ],
            "markers": "python_version >= '3.5'",
            "version": "==0.5.1"
        },
        "markdown": {
            "hashes": [
                "sha256:225c6123522495d4119a90b3a3ba31a1e87a70369e03f14799ea9c0d7183a3d6",
                "sha256:a4c1b65c0957b4bd9e7d86ddc7b3c9868fb9670660f6f99f6d1bca8954d5a941"
            ],
            "index": "pypi",
            "version": "==3.4.4"
        },
        "mysqlclient": {
            "hashes": [
                "sha256:004fe1d30d2c2ff8072f8ea513bcec235fd9b896f70dad369461d0ad7e570e98",
                "sha256:04368445f9c487d8abb7a878e3d23e923e6072c04a6c320f9e0dc8a82efba14e",
                "sha256:530ece9995a36cadb6211b9787f0c9e05cdab6702549bdb4236af5e9b535ed6a",
                "sha256:5670679ff1be1cc3fef0fa81bf39f0cd70605ba121141050f02743eb878ac114",
                "sha256:68837b6bb23170acffb43ae411e47533a560b6360c06dac39aa55700972c93b2",
                "sha256:955dba905a7443ce4788c63fdb9f8d688316260cf60b20ff51ac3b1c77616ede",
                "sha256:9c6b142836c7dba4f723bf9c93cc46b6e5081d65b2af807f400dda9eb85a16d0"
            ],
            "index": "pypi",
            "version": "==2.2.0"
        },
        "platformdirs": {
            "hashes": [
                "sha256:b45696dab2d7cc691a3226759c0d3b00c47c8b6e293d96f6436f733303f77f6d",
                "sha256:d7c24979f292f916dc9cbf8648319032f551ea8c49a4c9bf2fb556a02070ec1d"
            ],
            "markers": "python_version >= '3.7'",
            "version": "==3.10.0"
        },
        "psycopg2": {
            "hashes": [
                "sha256:287a64ef168ef7fb9f382964705ff664b342bfff47e7242bf0a04ef203269dd5",
                "sha256:2f8594f92bbb5d8b59ffec04e2686c416401e2d4297de1193f8e75235937e71d",
                "sha256:3da6488042a53b50933244085f3f91803f1b7271f970f3e5536efa69314f6a49",
                "sha256:65f81e72136d8b9ac8abf5206938d60f50da424149a43b6073f1546063c0565e",
                "sha256:67c2f32f3aba79afb15799575e77ee2db6b46b8acf943c21d34d02d4e1041d50",
                "sha256:81b21424023a290a40884c7f8b0093ba6465b59bd785c18f757e76945f65594c",
                "sha256:d39bb3959788b2c9d7bf5ff762e29f436172b241cd7b47529baac77746fd7918",
                "sha256:d4ad050ea50a16731d219c3a85e8f2debf49415a070f0b8331ccc96c81700d9b",
                "sha256:dcde3cad4920e29e74bf4e76c072649764914facb2069e6b7fa1ddbebcd49e9f",
                "sha256:f7e62095d749359b7854143843f27edd7dccfcd3e1d833b880562aa5702d92b0",
                "sha256:f9ecbf504c4eaff90139d5c9b95d47275f2b2651e14eba56392b4041fbf4c2b3"
            ],
            "index": "pypi",
            "version": "==2.9.8"
        },
        "pytz": {
            "hashes": [
                "sha256:7b4fddbeb94a1eba4b557da24f19fdf9db575192544270a9101d8509f9f43d7b",
                "sha256:ce42d816b81b68506614c11e8937d3aa9e41007ceb50bfdcb0749b921bf646c7"
            ],
            "version": "==2023.3.post1"
        },
        "sqlparse": {
            "hashes": [
                "sha256:5430a4fe2ac7d0f93e66f1efc6e1338a41884b7ddf2a350cedd20ccc4d9d28f3",
                "sha256:d446183e84b8349fa3061f0fe7f06ca94ba65b426946ffebe6e3e8295332420c"
            ],
            "markers": "python_version >= '3.5'",
            "version": "==0.4.4"
        },
        "tomli": {
            "hashes": [
                "sha256:939de3e7a6161af0c887ef91b7d41a53e7c5a1ca976325f429cb46ea9bc30ecc",
                "sha256:de526c12914f0c550d15924c62d72abc48d6fe7364aa87328337a31007fe8a4f"
            ],
            "markers": "python_version >= '3.7'",
            "version": "==2.0.1"
        },
        "typing-extensions": {
            "hashes": [
                "sha256:8f92fc8806f9a6b641eaa5318da32b44d401efaac0f6678c9bc448ba3605faa0",
                "sha256:df8e4339e9cb77357558cbdbceca33c303714cf861d1eef15e1070055ae8b7ef"
            ],
            "markers": "python_version < '3.11'",
            "version": "==4.8.0"
        },
        "tzdata": {
            "hashes": [
                "sha256:11ef1e08e54acb0d4f95bdb1be05da659673de4acbd21bf9c69e94cc5e907a3a",
                "sha256:7e65763eef3120314099b6939b5546db7adce1e7d6f2e179e3df563c70511eda"
            ],
            "markers": "sys_platform == 'win32'",
            "version": "==2023.3"
        },
        "yapf": {
            "hashes": [
                "sha256:4dab8a5ed7134e26d57c1647c7483afb3f136878b579062b786c9ba16b94637b",
                "sha256:adc8b5dd02c0143108878c499284205adb258aad6db6634e5b869e7ee2bd548b"
            ],
            "index": "pypi",
            "version": "==0.40.2"
        },
        "zipp": {
            "hashes": [
                "sha256:0e923e726174922dce09c53c59ad483ff7bbb8e572e00c7f7c46b88556409f31",
                "sha256:84e64a1c28cf7e91ed2078bb8cc8c259cb19b76942096c8d7b84947690cabaf0"
            ],
            "markers": "python_version >= '3.8'",
            "version": "==3.17.0"
        }
    },
    "develop": {}
}
